# This file is automatically @generated by Cargo.
# It is not intended for manual editing.
version = 4

[[package]]
name = "bzip2"
version = "0.6.0"
source = "registry+https://github.com/rust-lang/crates.io-index"
checksum = "bea8dcd42434048e4f7a304411d9273a411f647446c1234a65ce0554923f4cff"
dependencies = [
 "libbz2-rs-sys",
]

[[package]]
name = "libbz2-rs-sys"
version = "0.2.2"
source = "registry+https://github.com/rust-lang/crates.io-index"
checksum = "2c4a545a15244c7d945065b5d392b2d2d7f21526fba56ce51467b06ed445e8f7"

[[package]]
name = "rs-wikibzip2pages"
version = "0.1.0"
dependencies = [
 "bzip2",
]
